
Microsoft Visual Studio Solution File, Format Version 12.00
# Visual Studio 14
VisualStudioVersion = 14.0.24720.0
MinimumVisualStudioVersion = 10.0.40219.1
Project("{FAE04EC0-301F-11D3-BF4B-00C04F79EFBC}") = "VersionStitcher", "VersionStitcher\VersionStitcher.csproj", "{78DC845D-47B0-4473-A97B-B262324143C0}"
	ProjectSection(ProjectDependencies) = postProject
		{49A55764-14CE-4186-AF3E-DD2AB4FC50C4} = {49A55764-14CE-4186-AF3E-DD2AB4FC50C4}
	EndProjectSection
EndProject
Project("{FAE04EC0-301F-11D3-BF4B-00C04F79EFBC}") = "TestApplication", "TestApplication\TestApplication.csproj", "{49A55764-14CE-4186-AF3E-DD2AB4FC50C4}"
EndProject
Project("{FAE04EC0-301F-11D3-BF4B-00C04F79EFBC}") = "TaskTestApplication", "TaskTestApplication\TaskTestApplication.csproj", "{85EEEAC6-E2F1-4AAE-991C-0F7583AB2B8B}"
	ProjectSection(ProjectDependencies) = postProject
		{78DC845D-47B0-4473-A97B-B262324143C0} = {78DC845D-47B0-4473-A97B-B262324143C0}
	EndProjectSection
EndProject
Project("{2150E333-8FDC-42A3-9474-1A3956D46DE8}") = "Tests", "Tests", "{550F7632-5774-4D5F-A832-31BFE92B166A}"
EndProject
Project("{2150E333-8FDC-42A3-9474-1A3956D46DE8}") = "Icon", "Icon", "{8E6082FA-3163-482D-8E21-A60444251DBF}"
	ProjectSection(SolutionItems) = preProject
		Icon\VersionStitcher.ai = Icon\VersionStitcher.ai
		Icon\VersionStitcher.png = Icon\VersionStitcher.png
	EndProjectSection
EndProject
Project("{2150E333-8FDC-42A3-9474-1A3956D46DE8}") = "Tools", "Tools", "{09C2601B-E879-497D-9F1E-8A12AFF8B97E}"
	ProjectSection(SolutionItems) = preProject
		appveyor.yml = appveyor.yml
	EndProjectSection
EndProject
Project("{FAE04EC0-301F-11D3-BF4B-00C04F79EFBC}") = "VersionStitcherTest", "VersionStitcherTest\VersionStitcherTest.csproj", "{633DA65B-DB47-4B16-B7F1-BFCC442C68D5}"
EndProject
Global
	GlobalSection(SolutionConfigurationPlatforms) = preSolution
		Debug|Any CPU = Debug|Any CPU
		Release|Any CPU = Release|Any CPU
	EndGlobalSection
	GlobalSection(ProjectConfigurationPlatforms) = postSolution
		{78DC845D-47B0-4473-A97B-B262324143C0}.Debug|Any CPU.ActiveCfg = Debug|Any CPU
		{78DC845D-47B0-4473-A97B-B262324143C0}.Debug|Any CPU.Build.0 = Debug|Any CPU
		{78DC845D-47B0-4473-A97B-B262324143C0}.Release|Any CPU.ActiveCfg = Release|Any CPU
		{78DC845D-47B0-4473-A97B-B262324143C0}.Release|Any CPU.Build.0 = Release|Any CPU
		{49A55764-14CE-4186-AF3E-DD2AB4FC50C4}.Debug|Any CPU.ActiveCfg = Debug|Any CPU
		{49A55764-14CE-4186-AF3E-DD2AB4FC50C4}.Debug|Any CPU.Build.0 = Debug|Any CPU
		{49A55764-14CE-4186-AF3E-DD2AB4FC50C4}.Release|Any CPU.ActiveCfg = Release|Any CPU
		{85EEEAC6-E2F1-4AAE-991C-0F7583AB2B8B}.Debug|Any CPU.ActiveCfg = Debug|Any CPU
		{85EEEAC6-E2F1-4AAE-991C-0F7583AB2B8B}.Debug|Any CPU.Build.0 = Debug|Any CPU
		{85EEEAC6-E2F1-4AAE-991C-0F7583AB2B8B}.Release|Any CPU.ActiveCfg = Release|Any CPU
		{633DA65B-DB47-4B16-B7F1-BFCC442C68D5}.Debug|Any CPU.ActiveCfg = Debug|Any CPU
		{633DA65B-DB47-4B16-B7F1-BFCC442C68D5}.Debug|Any CPU.Build.0 = Debug|Any CPU
		{633DA65B-DB47-4B16-B7F1-BFCC442C68D5}.Release|Any CPU.ActiveCfg = Release|Any CPU
		{633DA65B-DB47-4B16-B7F1-BFCC442C68D5}.Release|Any CPU.Build.0 = Release|Any CPU
	EndGlobalSection
	GlobalSection(SolutionProperties) = preSolution
		HideSolutionNode = FALSE
	EndGlobalSection
	GlobalSection(NestedProjects) = preSolution
		{49A55764-14CE-4186-AF3E-DD2AB4FC50C4} = {550F7632-5774-4D5F-A832-31BFE92B166A}
		{85EEEAC6-E2F1-4AAE-991C-0F7583AB2B8B} = {550F7632-5774-4D5F-A832-31BFE92B166A}
		{633DA65B-DB47-4B16-B7F1-BFCC442C68D5} = {550F7632-5774-4D5F-A832-31BFE92B166A}
	EndGlobalSection
EndGlobal
